
Microsoft Visual Studio Solution File, Format Version 12.00
# Visual Studio Version 17
VisualStudioVersion = 17.1.32120.378
MinimumVisualStudioVersion = 10.0.40219.1
Project("{FAE04EC0-301F-11D3-BF4B-00C04F79EFBC}") = "xiaochao", "xiaochao.csproj", "{6B10A72C-2EEB-4E1C-837D-C1757603E545}"
EndProject
Project("{54435603-DBB4-11D2-8724-00A0C9A8B90C}") = "xiaochaosetup1", "..\xiaochaosetup1\xiaochaosetup1.vdproj", "{9ACFFBE0-E5D5-4603-959F-D28103F4C630}"
EndProject
Global
	GlobalSection(SolutionConfigurationPlatforms) = preSolution
		Debug|Any CPU = Debug|Any CPU
		Debug|ARM = Debug|ARM
		Debug|ARM64 = Debug|ARM64
		Debug|x64 = Debug|x64
		Debug|x86 = Debug|x86
		Release|Any CPU = Release|Any CPU
		Release|ARM = Release|ARM
		Release|ARM64 = Release|ARM64
		Release|x64 = Release|x64
		Release|x86 = Release|x86
	EndGlobalSection
	GlobalSection(ProjectConfigurationPlatforms) = postSolution
		{6B10A72C-2EEB-4E1C-837D-C1757603E545}.Debug|Any CPU.ActiveCfg = Debug|Any CPU
		{6B10A72C-2EEB-4E1C-837D-C1757603E545}.Debug|Any CPU.Build.0 = Debug|Any CPU
		{6B10A72C-2EEB-4E1C-837D-C1757603E545}.Debug|ARM.ActiveCfg = Debug|Any CPU
		{6B10A72C-2EEB-4E1C-837D-C1757603E545}.Debug|ARM.Build.0 = Debug|Any CPU
		{6B10A72C-2EEB-4E1C-837D-C1757603E545}.Debug|ARM64.ActiveCfg = Debug|Any CPU
		{6B10A72C-2EEB-4E1C-837D-C1757603E545}.Debug|ARM64.Build.0 = Debug|Any CPU
		{6B10A72C-2EEB-4E1C-837D-C1757603E545}.Debug|x64.ActiveCfg = Debug|x64
		{6B10A72C-2EEB-4E1C-837D-C1757603E545}.Debug|x64.Build.0 = Debug|x64
		{6B10A72C-2EEB-4E1C-837D-C1757603E545}.Debug|x86.ActiveCfg = Debug|Any CPU
		{6B10A72C-2EEB-4E1C-837D-C1757603E545}.Debug|x86.Build.0 = Debug|Any CPU
		{6B10A72C-2EEB-4E1C-837D-C1757603E545}.Release|Any CPU.ActiveCfg = Release|Any CPU
		{6B10A72C-2EEB-4E1C-837D-C1757603E545}.Release|Any CPU.Build.0 = Release|Any CPU
		{6B10A72C-2EEB-4E1C-837D-C1757603E545}.Release|ARM.ActiveCfg = Release|Any CPU
		{6B10A72C-2EEB-4E1C-837D-C1757603E545}.Release|ARM.Build.0 = Release|Any CPU
		{6B10A72C-2EEB-4E1C-837D-C1757603E545}.Release|ARM64.ActiveCfg = Release|Any CPU
		{6B10A72C-2EEB-4E1C-837D-C1757603E545}.Release|ARM64.Build.0 = Release|Any CPU
		{6B10A72C-2EEB-4E1C-837D-C1757603E545}.Release|x64.ActiveCfg = Release|x64
		{6B10A72C-2EEB-4E1C-837D-C1757603E545}.Release|x64.Build.0 = Release|x64
		{6B10A72C-2EEB-4E1C-837D-C1757603E545}.Release|x86.ActiveCfg = Release|Any CPU
		{6B10A72C-2EEB-4E1C-837D-C1757603E545}.Release|x86.Build.0 = Release|Any CPU
		{9ACFFBE0-E5D5-4603-959F-D28103F4C630}.Debug|Any CPU.ActiveCfg = Debug
		{9ACFFBE0-E5D5-4603-959F-D28103F4C630}.Debug|ARM.ActiveCfg = Debug
		{9ACFFBE0-E5D5-4603-959F-D28103F4C630}.Debug|ARM64.ActiveCfg = Debug
		{9ACFFBE0-E5D5-4603-959F-D28103F4C630}.Debug|x64.ActiveCfg = Debug
		{9ACFFBE0-E5D5-4603-959F-D28103F4C630}.Debug|x86.ActiveCfg = Debug
		{9ACFFBE0-E5D5-4603-959F-D28103F4C630}.Release|Any CPU.ActiveCfg = Release
		{9ACFFBE0-E5D5-4603-959F-D28103F4C630}.Release|ARM.ActiveCfg = Release
		{9ACFFBE0-E5D5-4603-959F-D28103F4C630}.Release|ARM64.ActiveCfg = Release
		{9ACFFBE0-E5D5-4603-959F-D28103F4C630}.Release|x64.ActiveCfg = Release
		{9ACFFBE0-E5D5-4603-959F-D28103F4C630}.Release|x86.ActiveCfg = Release
	EndGlobalSection
	GlobalSection(SolutionProperties) = preSolution
		HideSolutionNode = FALSE
	EndGlobalSection
	GlobalSection(ExtensibilityGlobals) = postSolution
		SolutionGuid = {B406F6EE-8E0D-4264-AA53-2B43323AFA4D}
	EndGlobalSection
EndGlobal
